PODS:
  - AFNetworking (3.2.1):
    - AFNetworking/NSURLSession (= 3.2.1)
    - AFNetworking/Reachability (= 3.2.1)
    - AFNetworking/Security (= 3.2.1)
    - AFNetworking/Serialization (= 3.2.1)
    - AFNetworking/UIKit (= 3.2.1)
  - AFNetworking/NSURLSession (3.2.1):
    - AFNetworking/Reachability
    - AFNetworking/Security
    - AFNetworking/Serialization
  - AFNetworking/Reachability (3.2.1)
  - AFNetworking/Security (3.2.1)
  - AFNetworking/Serialization (3.2.1)
  - AFNetworking/UIKit (3.2.1):
    - AFNetworking/NSURLSession
  - MJRefresh (3.1.15.3)
  - SDAutoLayout (2.2.1)
  - SDWebImage (4.4.2):
    - SDWebImage/Core (= 4.4.2)
  - SDWebImage/Core (4.4.2)
  - SVProgressHUD (2.2.5)
  - TZImagePickerController (2.2.5)

DEPENDENCIES:
  - AFNetworking
  - MJRefresh
  - SDAutoLayout
  - SDWebImage
  - SVProgressHUD
  - TZImagePickerController

SPEC REPOS:
  https://github.com/CocoaPods/Specs.git:
    - AFNetworking
    - MJRefresh
    - SDAutoLayout
    - SDWebImage
    - SVProgressHUD
    - TZImagePickerController

SPEC CHECKSUMS:
  AFNetworking: b6f891fdfaed196b46c7a83cf209e09697b94057
  MJRefresh: b48380ae2b927b46c4ef000de9adb8dc748e1df7
  SDAutoLayout: 8bf6b3bbc8b01f775d4defbb4fda2ace805461be
  SDWebImage: 624d6e296c69b244bcede364c72ae0430ac14681
  SVProgressHUD: 1428aafac632c1f86f62aa4243ec12008d7a51d6
  TZImagePickerController: cf5c9f0ae343e2eb1912b26e4d9fa811b3159319

PODFILE CHECKSUM: e802b9d5080f7f738aaeffa5622da4b3427c4473

COCOAPODS: 1.5.0
